
Microsoft Visual Studio Solution File, Format Version 12.00
# Visual Studio 2012
Project("{8BC9CEB8-8B4A-11D0-8D11-00A0C91BC942}") = "RSA", "RSA\RSA.vcxproj", "{AD340384-6E40-4D8D-AC4C-9B8220013E75}"
EndProject
Global
	GlobalSection(SolutionConfigurationPlatforms) = preSolution
		Debug|Win32 = Debug|Win32
		Release|Win32 = Release|Win32
	EndGlobalSection
	GlobalSection(ProjectConfigurationPlatforms) = postSolution
		{AD340384-6E40-4D8D-AC4C-9B8220013E75}.Debug|Win32.ActiveCfg = Debug|Win32
		{AD340384-6E40-4D8D-AC4C-9B8220013E75}.Debug|Win32.Build.0 = Debug|Win32
		{AD340384-6E40-4D8D-AC4C-9B8220013E75}.Release|Win32.ActiveCfg = Release|Win32
		{AD340384-6E40-4D8D-AC4C-9B8220013E75}.Release|Win32.Build.0 = Release|Win32
	EndGlobalSection
	GlobalSection(SolutionProperties) = preSolution
		HideSolutionNode = FALSE
	EndGlobalSection
EndGlobal
